Microsoft Visual Studio Solution File, Format Version 12.00
# Visual Studio 2012
Project("{FAE04EC0-301F-11D3-BF4B-00C04F79EFBC}") = "CylindricalMapProjections", "CylindricalMapProjections\CylindricalMapProjections.csproj", "{1F8E274C-CDE2-45A6-84A9-AA2FE9E3966A}"
EndProject
Project("{FAE04EC0-301F-11D3-BF4B-00C04F79EFBC}") = "CylindricalMapProjections.Web", "CylindricalMapProjections.Web\CylindricalMapProjections.Web.csproj", "{D75C5662-7096-4410-BF3E-A56C84E1BB70}"
EndProject
Global
	GlobalSection(SolutionConfigurationPlatforms) = preSolution
		Debug|Any CPU = Debug|Any CPU
		Release|Any CPU = Release|Any CPU
	EndGlobalSection
	GlobalSection(ProjectConfigurationPlatforms) = postSolution
		{1F8E274C-CDE2-45A6-84A9-AA2FE9E3966A}.Debug|Any CPU.ActiveCfg = Debug|Any CPU
		{1F8E274C-CDE2-45A6-84A9-AA2FE9E3966A}.Debug|Any CPU.Build.0 = Debug|Any CPU
		{1F8E274C-CDE2-45A6-84A9-AA2FE9E3966A}.Release|Any CPU.ActiveCfg = Release|Any CPU
		{1F8E274C-CDE2-45A6-84A9-AA2FE9E3966A}.Release|Any CPU.Build.0 = Release|Any CPU
		{D75C5662-7096-4410-BF3E-A56C84E1BB70}.Debug|Any CPU.ActiveCfg = Debug|Any CPU
		{D75C5662-7096-4410-BF3E-A56C84E1BB70}.Debug|Any CPU.Build.0 = Debug|Any CPU
		{D75C5662-7096-4410-BF3E-A56C84E1BB70}.Release|Any CPU.ActiveCfg = Release|Any CPU
		{D75C5662-7096-4410-BF3E-A56C84E1BB70}.Release|Any CPU.Build.0 = Release|Any CPU
	EndGlobalSection
	GlobalSection(SolutionProperties) = preSolution
		HideSolutionNode = FALSE
	EndGlobalSection
EndGlobal
